
Microsoft Visual Studio Solution File, Format Version 12.00
# Visual Studio Version 17
VisualStudioVersion = 17.2.32505.173
MinimumVisualStudioVersion = 10.0.40219.1
Project("{FAE04EC0-301F-11D3-BF4B-00C04F79EFBC}") = "Werwolf", "Werwolf\Werwolf.csproj", "{CDDC6E7B-BC1E-4439-81AD-AB4891063771}"
EndProject
Project("{FAE04EC0-301F-11D3-BF4B-00C04F79EFBC}") = "Assistment", "..\..\..\Assistment\Assistment\Assistment.csproj", "{0C5CE078-5B2A-4160-B9DF-DBD11094422B}"
EndProject
Project("{FAE04EC0-301F-11D3-BF4B-00C04F79EFBC}") = "Designer", "Designer\Designer.csproj", "{25354B17-28A2-4B9E-9409-F045E9EA9721}"
EndProject
Project("{FAE04EC0-301F-11D3-BF4B-00C04F79EFBC}") = "WolfSlave", "WolfSlave\WolfSlave.csproj", "{F447732D-BEA1-46FC-93BB-F77724E905DB}"
EndProject
Project("{FAE04EC0-301F-11D3-BF4B-00C04F79EFBC}") = "Translation", "Translation\Translation.csproj", "{3C65E829-6DFE-4F99-813D-89FFA626D2A2}"
EndProject
Project("{FAE04EC0-301F-11D3-BF4B-00C04F79EFBC}") = "Skinner", "Skinner\Skinner.csproj", "{0C6DB35F-C0F6-4D90-B280-8156F2116D2B}"
EndProject
Project("{FAE04EC0-301F-11D3-BF4B-00C04F79EFBC}") = "ArtOfMagicCrawler", "..\..\..\MagicCrawler\ArtOfMagicCrawler\ArtOfMagicCrawler\ArtOfMagicCrawler.csproj", "{4284A8E8-D5EE-42ED-8ACE-E1E16734276A}"
EndProject
Project("{FAE04EC0-301F-11D3-BF4B-00C04F79EFBC}") = "EBookCrawler", "..\..\..\EBookCrawler\EBookCrawler\EBookCrawler\EBookCrawler.csproj", "{83C200F1-28CC-4B31-BC1F-03C2A11DF8BA}"
EndProject
Global
	GlobalSection(SolutionConfigurationPlatforms) = preSolution
		Debug|Any CPU = Debug|Any CPU
		Debug|ARM = Debug|ARM
		Debug|Mixed Platforms = Debug|Mixed Platforms
		Debug|x64 = Debug|x64
		Debug|x86 = Debug|x86
		Release|Any CPU = Release|Any CPU
		Release|ARM = Release|ARM
		Release|Mixed Platforms = Release|Mixed Platforms
		Release|x64 = Release|x64
		Release|x86 = Release|x86
	EndGlobalSection
	GlobalSection(ProjectConfigurationPlatforms) = postSolution
		{CDDC6E7B-BC1E-4439-81AD-AB4891063771}.Debug|Any CPU.ActiveCfg = Debug|Any CPU
		{CDDC6E7B-BC1E-4439-81AD-AB4891063771}.Debug|Any CPU.Build.0 = Debug|Any CPU
		{CDDC6E7B-BC1E-4439-81AD-AB4891063771}.Debug|ARM.ActiveCfg = Debug|x86
		{CDDC6E7B-BC1E-4439-81AD-AB4891063771}.Debug|Mixed Platforms.ActiveCfg = Debug|x64
		{CDDC6E7B-BC1E-4439-81AD-AB4891063771}.Debug|Mixed Platforms.Build.0 = Debug|x64
		{CDDC6E7B-BC1E-4439-81AD-AB4891063771}.Debug|x64.ActiveCfg = Debug|x64
		{CDDC6E7B-BC1E-4439-81AD-AB4891063771}.Debug|x64.Build.0 = Debug|x64
		{CDDC6E7B-BC1E-4439-81AD-AB4891063771}.Debug|x86.ActiveCfg = Debug|x86
		{CDDC6E7B-BC1E-4439-81AD-AB4891063771}.Debug|x86.Build.0 = Debug|x86
		{CDDC6E7B-BC1E-4439-81AD-AB4891063771}.Release|Any CPU.ActiveCfg = Release|x86
		{CDDC6E7B-BC1E-4439-81AD-AB4891063771}.Release|Any CPU.Build.0 = Release|x86
		{CDDC6E7B-BC1E-4439-81AD-AB4891063771}.Release|ARM.ActiveCfg = Release|x86
		{CDDC6E7B-BC1E-4439-81AD-AB4891063771}.Release|Mixed Platforms.ActiveCfg = Release|x86
		{CDDC6E7B-BC1E-4439-81AD-AB4891063771}.Release|Mixed Platforms.Build.0 = Release|x86
		{CDDC6E7B-BC1E-4439-81AD-AB4891063771}.Release|x64.ActiveCfg = Release|x64
		{CDDC6E7B-BC1E-4439-81AD-AB4891063771}.Release|x64.Build.0 = Release|x64
		{CDDC6E7B-BC1E-4439-81AD-AB4891063771}.Release|x86.ActiveCfg = Release|x86
		{CDDC6E7B-BC1E-4439-81AD-AB4891063771}.Release|x86.Build.0 = Release|x86
		{0C5CE078-5B2A-4160-B9DF-DBD11094422B}.Debug|Any CPU.ActiveCfg = Debug|Any CPU
		{0C5CE078-5B2A-4160-B9DF-DBD11094422B}.Debug|Any CPU.Build.0 = Debug|Any CPU
		{0C5CE078-5B2A-4160-B9DF-DBD11094422B}.Debug|ARM.ActiveCfg = Debug|Any CPU
		{0C5CE078-5B2A-4160-B9DF-DBD11094422B}.Debug|ARM.Build.0 = Debug|Any CPU
		{0C5CE078-5B2A-4160-B9DF-DBD11094422B}.Debug|Mixed Platforms.ActiveCfg = Debug|x64
		{0C5CE078-5B2A-4160-B9DF-DBD11094422B}.Debug|Mixed Platforms.Build.0 = Debug|x64
		{0C5CE078-5B2A-4160-B9DF-DBD11094422B}.Debug|x64.ActiveCfg = Debug|x64
		{0C5CE078-5B2A-4160-B9DF-DBD11094422B}.Debug|x64.Build.0 = Debug|x64
		{0C5CE078-5B2A-4160-B9DF-DBD11094422B}.Debug|x86.ActiveCfg = Debug|x86
		{0C5CE078-5B2A-4160-B9DF-DBD11094422B}.Debug|x86.Build.0 = Debug|x86
		{0C5CE078-5B2A-4160-B9DF-DBD11094422B}.Release|Any CPU.ActiveCfg = Release|Any CPU
		{0C5CE078-5B2A-4160-B9DF-DBD11094422B}.Release|Any CPU.Build.0 = Release|Any CPU
		{0C5CE078-5B2A-4160-B9DF-DBD11094422B}.Release|ARM.ActiveCfg = Release|Any CPU
		{0C5CE078-5B2A-4160-B9DF-DBD11094422B}.Release|ARM.Build.0 = Release|Any CPU
		{0C5CE078-5B2A-4160-B9DF-DBD11094422B}.Release|Mixed Platforms.ActiveCfg = Release|Any CPU
		{0C5CE078-5B2A-4160-B9DF-DBD11094422B}.Release|Mixed Platforms.Build.0 = Release|Any CPU
		{0C5CE078-5B2A-4160-B9DF-DBD11094422B}.Release|x64.ActiveCfg = Release|x64
		{0C5CE078-5B2A-4160-B9DF-DBD11094422B}.Release|x64.Build.0 = Release|x64
		{0C5CE078-5B2A-4160-B9DF-DBD11094422B}.Release|x86.ActiveCfg = Release|x86
		{0C5CE078-5B2A-4160-B9DF-DBD11094422B}.Release|x86.Build.0 = Release|x86
		{25354B17-28A2-4B9E-9409-F045E9EA9721}.Debug|Any CPU.ActiveCfg = Debug|Any CPU
		{25354B17-28A2-4B9E-9409-F045E9EA9721}.Debug|Any CPU.Build.0 = Debug|Any CPU
		{25354B17-28A2-4B9E-9409-F045E9EA9721}.Debug|ARM.ActiveCfg = Debug|x86
		{25354B17-28A2-4B9E-9409-F045E9EA9721}.Debug|Mixed Platforms.ActiveCfg = Debug|x64
		{25354B17-28A2-4B9E-9409-F045E9EA9721}.Debug|Mixed Platforms.Build.0 = Debug|x64
		{25354B17-28A2-4B9E-9409-F045E9EA9721}.Debug|x64.ActiveCfg = Debug|x64
		{25354B17-28A2-4B9E-9409-F045E9EA9721}.Debug|x64.Build.0 = Debug|x64
		{25354B17-28A2-4B9E-9409-F045E9EA9721}.Debug|x86.ActiveCfg = Debug|x86
		{25354B17-28A2-4B9E-9409-F045E9EA9721}.Debug|x86.Build.0 = Debug|x86
		{25354B17-28A2-4B9E-9409-F045E9EA9721}.Release|Any CPU.ActiveCfg = Release|x86
		{25354B17-28A2-4B9E-9409-F045E9EA9721}.Release|Any CPU.Build.0 = Release|x86
		{25354B17-28A2-4B9E-9409-F045E9EA9721}.Release|ARM.ActiveCfg = Release|x86
		{25354B17-28A2-4B9E-9409-F045E9EA9721}.Release|Mixed Platforms.ActiveCfg = Release|x86
		{25354B17-28A2-4B9E-9409-F045E9EA9721}.Release|Mixed Platforms.Build.0 = Release|x86
		{25354B17-28A2-4B9E-9409-F045E9EA9721}.Release|x64.ActiveCfg = Release|x64
		{25354B17-28A2-4B9E-9409-F045E9EA9721}.Release|x64.Build.0 = Release|x64
		{25354B17-28A2-4B9E-9409-F045E9EA9721}.Release|x86.ActiveCfg = Release|x86
		{25354B17-28A2-4B9E-9409-F045E9EA9721}.Release|x86.Build.0 = Release|x86
		{F447732D-BEA1-46FC-93BB-F77724E905DB}.Debug|Any CPU.ActiveCfg = Debug|Any CPU
		{F447732D-BEA1-46FC-93BB-F77724E905DB}.Debug|Any CPU.Build.0 = Debug|Any CPU
		{F447732D-BEA1-46FC-93BB-F77724E905DB}.Debug|ARM.ActiveCfg = Debug|x86
		{F447732D-BEA1-46FC-93BB-F77724E905DB}.Debug|Mixed Platforms.ActiveCfg = Debug|x64
		{F447732D-BEA1-46FC-93BB-F77724E905DB}.Debug|Mixed Platforms.Build.0 = Debug|x64
		{F447732D-BEA1-46FC-93BB-F77724E905DB}.Debug|x64.ActiveCfg = Debug|x64
		{F447732D-BEA1-46FC-93BB-F77724E905DB}.Debug|x64.Build.0 = Debug|x64
		{F447732D-BEA1-46FC-93BB-F77724E905DB}.Debug|x86.ActiveCfg = Debug|x86
		{F447732D-BEA1-46FC-93BB-F77724E905DB}.Debug|x86.Build.0 = Debug|x86
		{F447732D-BEA1-46FC-93BB-F77724E905DB}.Release|Any CPU.ActiveCfg = Release|x86
		{F447732D-BEA1-46FC-93BB-F77724E905DB}.Release|Any CPU.Build.0 = Release|x86
		{F447732D-BEA1-46FC-93BB-F77724E905DB}.Release|ARM.ActiveCfg = Release|x86
		{F447732D-BEA1-46FC-93BB-F77724E905DB}.Release|Mixed Platforms.ActiveCfg = Release|x86
		{F447732D-BEA1-46FC-93BB-F77724E905DB}.Release|Mixed Platforms.Build.0 = Release|x86
		{F447732D-BEA1-46FC-93BB-F77724E905DB}.Release|x64.ActiveCfg = Release|x64
		{F447732D-BEA1-46FC-93BB-F77724E905DB}.Release|x64.Build.0 = Release|x64
		{F447732D-BEA1-46FC-93BB-F77724E905DB}.Release|x86.ActiveCfg = Release|x86
		{F447732D-BEA1-46FC-93BB-F77724E905DB}.Release|x86.Build.0 = Release|x86
		{3C65E829-6DFE-4F99-813D-89FFA626D2A2}.Debug|Any CPU.ActiveCfg = Debug|Any CPU
		{3C65E829-6DFE-4F99-813D-89FFA626D2A2}.Debug|Any CPU.Build.0 = Debug|Any CPU
		{3C65E829-6DFE-4F99-813D-89FFA626D2A2}.Debug|ARM.ActiveCfg = Debug|Any CPU
		{3C65E829-6DFE-4F99-813D-89FFA626D2A2}.Debug|ARM.Build.0 = Debug|Any CPU
		{3C65E829-6DFE-4F99-813D-89FFA626D2A2}.Debug|Mixed Platforms.ActiveCfg = Debug|x64
		{3C65E829-6DFE-4F99-813D-89FFA626D2A2}.Debug|Mixed Platforms.Build.0 = Debug|x64
		{3C65E829-6DFE-4F99-813D-89FFA626D2A2}.Debug|x64.ActiveCfg = Debug|x64
		{3C65E829-6DFE-4F99-813D-89FFA626D2A2}.Debug|x64.Build.0 = Debug|x64
		{3C65E829-6DFE-4F99-813D-89FFA626D2A2}.Debug|x86.ActiveCfg = Debug|x86
		{3C65E829-6DFE-4F99-813D-89FFA626D2A2}.Debug|x86.Build.0 = Debug|x86
		{3C65E829-6DFE-4F99-813D-89FFA626D2A2}.Release|Any CPU.ActiveCfg = Release|Any CPU
		{3C65E829-6DFE-4F99-813D-89FFA626D2A2}.Release|Any CPU.Build.0 = Release|Any CPU
		{3C65E829-6DFE-4F99-813D-89FFA626D2A2}.Release|ARM.ActiveCfg = Release|Any CPU
		{3C65E829-6DFE-4F99-813D-89FFA626D2A2}.Release|ARM.Build.0 = Release|Any CPU
		{3C65E829-6DFE-4F99-813D-89FFA626D2A2}.Release|Mixed Platforms.ActiveCfg = Release|Any CPU
		{3C65E829-6DFE-4F99-813D-89FFA626D2A2}.Release|Mixed Platforms.Build.0 = Release|Any CPU
		{3C65E829-6DFE-4F99-813D-89FFA626D2A2}.Release|x64.ActiveCfg = Release|x64
		{3C65E829-6DFE-4F99-813D-89FFA626D2A2}.Release|x64.Build.0 = Release|x64
		{3C65E829-6DFE-4F99-813D-89FFA626D2A2}.Release|x86.ActiveCfg = Release|x86
		{3C65E829-6DFE-4F99-813D-89FFA626D2A2}.Release|x86.Build.0 = Release|x86
		{0C6DB35F-C0F6-4D90-B280-8156F2116D2B}.Debug|Any CPU.ActiveCfg = Debug|Any CPU
		{0C6DB35F-C0F6-4D90-B280-8156F2116D2B}.Debug|Any CPU.Build.0 = Debug|Any CPU
		{0C6DB35F-C0F6-4D90-B280-8156F2116D2B}.Debug|ARM.ActiveCfg = Debug|Any CPU
		{0C6DB35F-C0F6-4D90-B280-8156F2116D2B}.Debug|ARM.Build.0 = Debug|Any CPU
		{0C6DB35F-C0F6-4D90-B280-8156F2116D2B}.Debug|Mixed Platforms.ActiveCfg = Debug|x64
		{0C6DB35F-C0F6-4D90-B280-8156F2116D2B}.Debug|Mixed Platforms.Build.0 = Debug|x64
		{0C6DB35F-C0F6-4D90-B280-8156F2116D2B}.Debug|x64.ActiveCfg = Debug|x64
		{0C6DB35F-C0F6-4D90-B280-8156F2116D2B}.Debug|x64.Build.0 = Debug|x64
		{0C6DB35F-C0F6-4D90-B280-8156F2116D2B}.Debug|x86.ActiveCfg = Debug|Any CPU
		{0C6DB35F-C0F6-4D90-B280-8156F2116D2B}.Debug|x86.Build.0 = Debug|Any CPU
		{0C6DB35F-C0F6-4D90-B280-8156F2116D2B}.Release|Any CPU.ActiveCfg = Release|Any CPU
		{0C6DB35F-C0F6-4D90-B280-8156F2116D2B}.Release|Any CPU.Build.0 = Release|Any CPU
		{0C6DB35F-C0F6-4D90-B280-8156F2116D2B}.Release|ARM.ActiveCfg = Release|Any CPU
		{0C6DB35F-C0F6-4D90-B280-8156F2116D2B}.Release|ARM.Build.0 = Release|Any CPU
		{0C6DB35F-C0F6-4D90-B280-8156F2116D2B}.Release|Mixed Platforms.ActiveCfg = Release|Any CPU
		{0C6DB35F-C0F6-4D90-B280-8156F2116D2B}.Release|Mixed Platforms.Build.0 = Release|Any CPU
		{0C6DB35F-C0F6-4D90-B280-8156F2116D2B}.Release|x64.ActiveCfg = Release|x64
		{0C6DB35F-C0F6-4D90-B280-8156F2116D2B}.Release|x64.Build.0 = Release|x64
		{0C6DB35F-C0F6-4D90-B280-8156F2116D2B}.Release|x86.ActiveCfg = Release|Any CPU
		{0C6DB35F-C0F6-4D90-B280-8156F2116D2B}.Release|x86.Build.0 = Release|Any CPU
		{4284A8E8-D5EE-42ED-8ACE-E1E16734276A}.Debug|Any CPU.ActiveCfg = Debug|Any CPU
		{4284A8E8-D5EE-42ED-8ACE-E1E16734276A}.Debug|Any CPU.Build.0 = Debug|Any CPU
		{4284A8E8-D5EE-42ED-8ACE-E1E16734276A}.Debug|ARM.ActiveCfg = Debug|Any CPU
		{4284A8E8-D5EE-42ED-8ACE-E1E16734276A}.Debug|ARM.Build.0 = Debug|Any CPU
		{4284A8E8-D5EE-42ED-8ACE-E1E16734276A}.Debug|Mixed Platforms.ActiveCfg = Debug|x64
		{4284A8E8-D5EE-42ED-8ACE-E1E16734276A}.Debug|Mixed Platforms.Build.0 = Debug|x64
		{4284A8E8-D5EE-42ED-8ACE-E1E16734276A}.Debug|x64.ActiveCfg = Debug|x64
		{4284A8E8-D5EE-42ED-8ACE-E1E16734276A}.Debug|x64.Build.0 = Debug|x64
		{4284A8E8-D5EE-42ED-8ACE-E1E16734276A}.Debug|x86.ActiveCfg = Debug|Any CPU
		{4284A8E8-D5EE-42ED-8ACE-E1E16734276A}.Debug|x86.Build.0 = Debug|Any CPU
		{4284A8E8-D5EE-42ED-8ACE-E1E16734276A}.Release|Any CPU.ActiveCfg = Release|Any CPU
		{4284A8E8-D5EE-42ED-8ACE-E1E16734276A}.Release|Any CPU.Build.0 = Release|Any CPU
		{4284A8E8-D5EE-42ED-8ACE-E1E16734276A}.Release|ARM.ActiveCfg = Release|Any CPU
		{4284A8E8-D5EE-42ED-8ACE-E1E16734276A}.Release|ARM.Build.0 = Release|Any CPU
		{4284A8E8-D5EE-42ED-8ACE-E1E16734276A}.Release|Mixed Platforms.ActiveCfg = Release|Any CPU
		{4284A8E8-D5EE-42ED-8ACE-E1E16734276A}.Release|Mixed Platforms.Build.0 = Release|Any CPU
		{4284A8E8-D5EE-42ED-8ACE-E1E16734276A}.Release|x64.ActiveCfg = Release|x64
		{4284A8E8-D5EE-42ED-8ACE-E1E16734276A}.Release|x64.Build.0 = Release|x64
		{4284A8E8-D5EE-42ED-8ACE-E1E16734276A}.Release|x86.ActiveCfg = Release|Any CPU
		{4284A8E8-D5EE-42ED-8ACE-E1E16734276A}.Release|x86.Build.0 = Release|Any CPU
		{83C200F1-28CC-4B31-BC1F-03C2A11DF8BA}.Debug|Any CPU.ActiveCfg = Debug|Any CPU
		{83C200F1-28CC-4B31-BC1F-03C2A11DF8BA}.Debug|Any CPU.Build.0 = Debug|Any CPU
		{83C200F1-28CC-4B31-BC1F-03C2A11DF8BA}.Debug|ARM.ActiveCfg = Debug|Any CPU
		{83C200F1-28CC-4B31-BC1F-03C2A11DF8BA}.Debug|ARM.Build.0 = Debug|Any CPU
		{83C200F1-28CC-4B31-BC1F-03C2A11DF8BA}.Debug|Mixed Platforms.ActiveCfg = Debug|x64
		{83C200F1-28CC-4B31-BC1F-03C2A11DF8BA}.Debug|Mixed Platforms.Build.0 = Debug|x64
		{83C200F1-28CC-4B31-BC1F-03C2A11DF8BA}.Debug|x64.ActiveCfg = Debug|x64
		{83C200F1-28CC-4B31-BC1F-03C2A11DF8BA}.Debug|x64.Build.0 = Debug|x64
		{83C200F1-28CC-4B31-BC1F-03C2A11DF8BA}.Debug|x86.ActiveCfg = Debug|Any CPU
		{83C200F1-28CC-4B31-BC1F-03C2A11DF8BA}.Debug|x86.Build.0 = Debug|Any CPU
		{83C200F1-28CC-4B31-BC1F-03C2A11DF8BA}.Release|Any CPU.ActiveCfg = Release|Any CPU
		{83C200F1-28CC-4B31-BC1F-03C2A11DF8BA}.Release|Any CPU.Build.0 = Release|Any CPU
		{83C200F1-28CC-4B31-BC1F-03C2A11DF8BA}.Release|ARM.ActiveCfg = Release|Any CPU
		{83C200F1-28CC-4B31-BC1F-03C2A11DF8BA}.Release|ARM.Build.0 = Release|Any CPU
		{83C200F1-28CC-4B31-BC1F-03C2A11DF8BA}.Release|Mixed Platforms.ActiveCfg = Release|Any CPU
		{83C200F1-28CC-4B31-BC1F-03C2A11DF8BA}.Release|Mixed Platforms.Build.0 = Release|Any CPU
		{83C200F1-28CC-4B31-BC1F-03C2A11DF8BA}.Release|x64.ActiveCfg = Release|x64
		{83C200F1-28CC-4B31-BC1F-03C2A11DF8BA}.Release|x64.Build.0 = Release|x64
		{83C200F1-28CC-4B31-BC1F-03C2A11DF8BA}.Release|x86.ActiveCfg = Release|Any CPU
		{83C200F1-28CC-4B31-BC1F-03C2A11DF8BA}.Release|x86.Build.0 = Release|Any CPU
	EndGlobalSection
	GlobalSection(SolutionProperties) = preSolution
		HideSolutionNode = FALSE
	EndGlobalSection
	GlobalSection(ExtensibilityGlobals) = postSolution
		SolutionGuid = {CC908A22-AAD0-49C3-ADD8-B110B553A4FC}
	EndGlobalSection
EndGlobal
